
Microsoft Visual Studio Solution File, Format Version 9.00
# Visual Studio 2005
Project("{8BC9CEB8-8B4A-11D0-8D11-00A0C91BC942}") = "dac", "dac.vcproj", "{C0B0E03E-8E48-3352-A6A9-CF86B95D5BD5}"
	GlobalSection(Qt) = preSolution
		Integration = True
	EndGlobalSection
EndProject
Global
	GlobalSection(Qt) = preSolution
		Integration = True
	EndGlobalSection
	GlobalSection(SolutionConfigurationPlatforms) = preSolution
		Release|Win32 = Release|Win32
	EndGlobalSection
	GlobalSection(ProjectConfigurationPlatforms) = postSolution
		{C0B0E03E-8E48-3352-A6A9-CF86B95D5BD5}.Release|Win32.ActiveCfg = Release|Win32
		{C0B0E03E-8E48-3352-A6A9-CF86B95D5BD5}.Release|Win32.Build.0 = Release|Win32
	EndGlobalSection
	GlobalSection(SolutionProperties) = preSolution
		HideSolutionNode = FALSE
	EndGlobalSection
EndGlobal
